
Microsoft Visual Studio Solution File, Format Version 12.00
# Visual Studio Version 16
VisualStudioVersion = 16.0.29905.134
MinimumVisualStudioVersion = 10.0.40219.1
Project("{FAE04EC0-301F-11D3-BF4B-00C04F79EFBC}") = "Lab2ComInterfaces", "Lab2ComInterfaces\Lab2ComInterfaces.csproj", "{8378D180-B295-4F56-9750-20CE7C4AD700}"
EndProject
Project("{FAE04EC0-301F-11D3-BF4B-00C04F79EFBC}") = "HeadOffice", "HeadOffice\HeadOffice.csproj", "{400A42AC-5EA9-4D1F-AAD6-8FD526A66ED0}"
EndProject
Project("{FAE04EC0-301F-11D3-BF4B-00C04F79EFBC}") = "ClientApp", "ClientApp\ClientApp.csproj", "{9EBB2210-05A7-46B6-8D06-AC78F5BA3119}"
EndProject
Project("{FAE04EC0-301F-11D3-BF4B-00C04F79EFBC}") = "testApp", "testApp\testApp.csproj", "{B03E69DA-ACB5-4526-A107-D765786E1DC2}"
EndProject
Project("{FAE04EC0-301F-11D3-BF4B-00C04F79EFBC}") = "BranchOffice", "BranchOffice\BranchOffice.csproj", "{F6BB41A7-BB46-4B82-ACD1-10C81ACC14F3}"
EndProject
Global
	GlobalSection(SolutionConfigurationPlatforms) = preSolution
		Debug|Any CPU = Debug|Any CPU
		Release|Any CPU = Release|Any CPU
	EndGlobalSection
	GlobalSection(ProjectConfigurationPlatforms) = postSolution
		{8378D180-B295-4F56-9750-20CE7C4AD700}.Debug|Any CPU.ActiveCfg = Debug|Any CPU
		{8378D180-B295-4F56-9750-20CE7C4AD700}.Debug|Any CPU.Build.0 = Debug|Any CPU
		{8378D180-B295-4F56-9750-20CE7C4AD700}.Release|Any CPU.ActiveCfg = Release|Any CPU
		{8378D180-B295-4F56-9750-20CE7C4AD700}.Release|Any CPU.Build.0 = Release|Any CPU
		{400A42AC-5EA9-4D1F-AAD6-8FD526A66ED0}.Debug|Any CPU.ActiveCfg = Debug|Any CPU
		{400A42AC-5EA9-4D1F-AAD6-8FD526A66ED0}.Debug|Any CPU.Build.0 = Debug|Any CPU
		{400A42AC-5EA9-4D1F-AAD6-8FD526A66ED0}.Release|Any CPU.ActiveCfg = Release|Any CPU
		{400A42AC-5EA9-4D1F-AAD6-8FD526A66ED0}.Release|Any CPU.Build.0 = Release|Any CPU
		{9EBB2210-05A7-46B6-8D06-AC78F5BA3119}.Debug|Any CPU.ActiveCfg = Debug|Any CPU
		{9EBB2210-05A7-46B6-8D06-AC78F5BA3119}.Debug|Any CPU.Build.0 = Debug|Any CPU
		{9EBB2210-05A7-46B6-8D06-AC78F5BA3119}.Release|Any CPU.ActiveCfg = Release|Any CPU
		{9EBB2210-05A7-46B6-8D06-AC78F5BA3119}.Release|Any CPU.Build.0 = Release|Any CPU
		{B03E69DA-ACB5-4526-A107-D765786E1DC2}.Debug|Any CPU.ActiveCfg = Debug|Any CPU
		{B03E69DA-ACB5-4526-A107-D765786E1DC2}.Debug|Any CPU.Build.0 = Debug|Any CPU
		{B03E69DA-ACB5-4526-A107-D765786E1DC2}.Release|Any CPU.ActiveCfg = Release|Any CPU
		{B03E69DA-ACB5-4526-A107-D765786E1DC2}.Release|Any CPU.Build.0 = Release|Any CPU
		{F6BB41A7-BB46-4B82-ACD1-10C81ACC14F3}.Debug|Any CPU.ActiveCfg = Debug|Any CPU
		{F6BB41A7-BB46-4B82-ACD1-10C81ACC14F3}.Debug|Any CPU.Build.0 = Debug|Any CPU
		{F6BB41A7-BB46-4B82-ACD1-10C81ACC14F3}.Release|Any CPU.ActiveCfg = Release|Any CPU
		{F6BB41A7-BB46-4B82-ACD1-10C81ACC14F3}.Release|Any CPU.Build.0 = Release|Any CPU
	EndGlobalSection
	GlobalSection(SolutionProperties) = preSolution
		HideSolutionNode = FALSE
	EndGlobalSection
	GlobalSection(ExtensibilityGlobals) = postSolution
		SolutionGuid = {E46B85EB-B60C-44CB-AEDD-FD6D8C1659E6}
	EndGlobalSection
EndGlobal
