
Microsoft Visual Studio Solution File, Format Version 12.00
# Visual Studio Version 16
VisualStudioVersion = 16.0.29905.134
MinimumVisualStudioVersion = 10.0.40219.1
Project("{FAE04EC0-301F-11D3-BF4B-00C04F79EFBC}") = "NetRemoting", "NetRemoting\NetRemoting.csproj", "{469064BE-F3FA-4477-A79E-4909A5E801F6}"
EndProject
Project("{FAE04EC0-301F-11D3-BF4B-00C04F79EFBC}") = "ClientApp", "ClientApp\ClientApp.csproj", "{9EBB2210-05A7-46B6-8D06-AC78F5BA3119}"
EndProject
Project("{9A19103F-16F7-4668-BE54-9A1E7A4F7556}") = "MyInterfaces", "MyInterfaces\MyInterfaces.csproj", "{658BE238-57C3-404F-B993-5938BC26BDC6}"
EndProject
Global
	GlobalSection(SolutionConfigurationPlatforms) = preSolution
		Debug|Any CPU = Debug|Any CPU
		Release|Any CPU = Release|Any CPU
	EndGlobalSection
	GlobalSection(ProjectConfigurationPlatforms) = postSolution
		{469064BE-F3FA-4477-A79E-4909A5E801F6}.Debug|Any CPU.ActiveCfg = Debug|Any CPU
		{469064BE-F3FA-4477-A79E-4909A5E801F6}.Debug|Any CPU.Build.0 = Debug|Any CPU
		{469064BE-F3FA-4477-A79E-4909A5E801F6}.Release|Any CPU.ActiveCfg = Release|Any CPU
		{469064BE-F3FA-4477-A79E-4909A5E801F6}.Release|Any CPU.Build.0 = Release|Any CPU
		{9EBB2210-05A7-46B6-8D06-AC78F5BA3119}.Debug|Any CPU.ActiveCfg = Debug|Any CPU
		{9EBB2210-05A7-46B6-8D06-AC78F5BA3119}.Debug|Any CPU.Build.0 = Debug|Any CPU
		{9EBB2210-05A7-46B6-8D06-AC78F5BA3119}.Release|Any CPU.ActiveCfg = Release|Any CPU
		{9EBB2210-05A7-46B6-8D06-AC78F5BA3119}.Release|Any CPU.Build.0 = Release|Any CPU
		{658BE238-57C3-404F-B993-5938BC26BDC6}.Debug|Any CPU.ActiveCfg = Debug|Any CPU
		{658BE238-57C3-404F-B993-5938BC26BDC6}.Debug|Any CPU.Build.0 = Debug|Any CPU
		{658BE238-57C3-404F-B993-5938BC26BDC6}.Release|Any CPU.ActiveCfg = Release|Any CPU
		{658BE238-57C3-404F-B993-5938BC26BDC6}.Release|Any CPU.Build.0 = Release|Any CPU
	EndGlobalSection
	GlobalSection(SolutionProperties) = preSolution
		HideSolutionNode = FALSE
	EndGlobalSection
	GlobalSection(ExtensibilityGlobals) = postSolution
		SolutionGuid = {B77C6710-D758-492C-BD68-D585735ED077}
	EndGlobalSection
EndGlobal
